<?xml version="1.0" encoding="utf-8"?>
<Project ToolsVersion="4.0" xmlns="http://schemas.microsoft.com/developer/msbuild/2003">
  <ItemGroup>
    <Filter Include="client">
      <UniqueIdentifier>{8461ABF6-7003-D6CC-59BE-E92045FF5C1D}</UniqueIdentifier>
    </Filter>
    <Filter Include="common">
      <UniqueIdentifier>{AEFEE3F6-9AA0-0ECD-835B-22216F9C951D}</UniqueIdentifier>
    </Filter>
    <Filter Include="tracy">
      <UniqueIdentifier>{A8477210-145C-9AC1-DDDD-3D2149B196F2}</UniqueIdentifier>
    </Filter>
  </ItemGroup>
  <ItemGroup>
    <ClInclude Include="public\client\TracyArmCpuTable.hpp">
      <Filter>client</Filter>
    </ClInclude>
    <ClInclude Include="public\client\TracyCallstack.h">
      <Filter>client</Filter>
    </ClInclude>
    <ClInclude Include="public\client\TracyCallstack.hpp">
      <Filter>client</Filter>
    </ClInclude>
    <ClInclude Include="public\client\TracyCpuid.hpp">
      <Filter>client</Filter>
    </ClInclude>
    <ClInclude Include="public\client\TracyDebug.hpp">
      <Filter>client</Filter>
    </ClInclude>
    <ClInclude Include="public\client\TracyDxt1.hpp">
      <Filter>client</Filter>
    </ClInclude>
    <ClInclude Include="public\client\TracyFastVector.hpp">
      <Filter>client</Filter>
    </ClInclude>
    <ClInclude Include="public\client\TracyKCore.hpp">
      <Filter>client</Filter>
    </ClInclude>
    <ClInclude Include="public\client\TracyLock.hpp">
      <Filter>client</Filter>
    </ClInclude>
    <ClInclude Include="public\client\TracyProfiler.hpp">
      <Filter>client</Filter>
    </ClInclude>
    <ClInclude Include="public\client\TracyRingBuffer.hpp">
      <Filter>client</Filter>
    </ClInclude>
    <ClInclude Include="public\client\TracyScoped.hpp">
      <Filter>client</Filter>
    </ClInclude>
    <ClInclude Include="public\client\TracyStringHelpers.hpp">
      <Filter>client</Filter>
    </ClInclude>
    <ClInclude Include="public\client\TracySysPower.hpp">
      <Filter>client</Filter>
    </ClInclude>
    <ClInclude Include="public\client\TracySysTime.hpp">
      <Filter>client</Filter>
    </ClInclude>
    <ClInclude Include="public\client\TracySysTrace.hpp">
      <Filter>client</Filter>
    </ClInclude>
    <ClInclude Include="public\client\TracyThread.hpp">
      <Filter>client</Filter>
    </ClInclude>
    <ClInclude Include="public\client\tracy_SPSCQueue.h">
      <Filter>client</Filter>
    </ClInclude>
    <ClInclude Include="public\client\tracy_concurrentqueue.h">
      <Filter>client</Filter>
    </ClInclude>
    <ClInclude Include="public\client\tracy_rpmalloc.hpp">
      <Filter>client</Filter>
    </ClInclude>
    <ClInclude Include="public\common\TracyAlign.hpp">
      <Filter>common</Filter>
    </ClInclude>
    <ClInclude Include="public\common\TracyAlloc.hpp">
      <Filter>common</Filter>
    </ClInclude>
    <ClInclude Include="public\common\TracyApi.h">
      <Filter>common</Filter>
    </ClInclude>
    <ClInclude Include="public\common\TracyColor.hpp">
      <Filter>common</Filter>
    </ClInclude>
    <ClInclude Include="public\common\TracyForceInline.hpp">
      <Filter>common</Filter>
    </ClInclude>
    <ClInclude Include="public\common\TracyMutex.hpp">
      <Filter>common</Filter>
    </ClInclude>
    <ClInclude Include="public\common\TracyProtocol.hpp">
      <Filter>common</Filter>
    </ClInclude>
    <ClInclude Include="public\common\TracyQueue.hpp">
      <Filter>common</Filter>
    </ClInclude>
    <ClInclude Include="public\common\TracySocket.hpp">
      <Filter>common</Filter>
    </ClInclude>
    <ClInclude Include="public\common\TracyStackFrames.hpp">
      <Filter>common</Filter>
    </ClInclude>
    <ClInclude Include="public\common\TracySystem.hpp">
      <Filter>common</Filter>
    </ClInclude>
    <ClInclude Include="public\common\TracyVersion.hpp">
      <Filter>common</Filter>
    </ClInclude>
    <ClInclude Include="public\common\TracyWinFamily.hpp">
      <Filter>common</Filter>
    </ClInclude>
    <ClInclude Include="public\common\TracyYield.hpp">
      <Filter>common</Filter>
    </ClInclude>
    <ClInclude Include="public\common\tracy_lz4.hpp">
      <Filter>common</Filter>
    </ClInclude>
    <ClInclude Include="public\common\tracy_lz4hc.hpp">
      <Filter>common</Filter>
    </ClInclude>
    <ClInclude Include="public\tracy\Tracy.hpp">
      <Filter>tracy</Filter>
    </ClInclude>
    <ClInclude Include="public\tracy\TracyC.h">
      <Filter>tracy</Filter>
    </ClInclude>
    <ClInclude Include="public\tracy\TracyCUDA.hpp">
      <Filter>tracy</Filter>
    </ClInclude>
    <ClInclude Include="public\tracy\TracyD3D11.hpp">
      <Filter>tracy</Filter>
    </ClInclude>
    <ClInclude Include="public\tracy\TracyD3D12.hpp">
      <Filter>tracy</Filter>
    </ClInclude>
    <ClInclude Include="public\tracy\TracyLua.hpp">
      <Filter>tracy</Filter>
    </ClInclude>
    <ClInclude Include="public\tracy\TracyOpenCL.hpp">
      <Filter>tracy</Filter>
    </ClInclude>
    <ClInclude Include="public\tracy\TracyOpenGL.hpp">
      <Filter>tracy</Filter>
    </ClInclude>
    <ClInclude Include="public\tracy\TracyVulkan.hpp">
      <Filter>tracy</Filter>
    </ClInclude>
  </ItemGroup>
  <ItemGroup>
    <ClCompile Include="public\TracyClient.cpp" />
  </ItemGroup>
  <ItemGroup>
    <None Include="public\tracy\TracyMetal.hmm">
      <Filter>tracy</Filter>
    </None>
  </ItemGroup>
</Project>